
Microsoft Visual Studio Solution File, Format Version 12.00
# Visual Studio Version 17
VisualStudioVersion = 17.7.34024.191
MinimumVisualStudioVersion = 10.0.40219.1
Project("{FAE04EC0-301F-11D3-BF4B-00C04F79EFBC}") = "Converter_v2", "Converter_v2\Converter_v2.csproj", "{EE4E8A80-08E3-4C3B-817E-7C5E469A9660}"
EndProject
Global
	GlobalSection(SolutionConfigurationPlatforms) = preSolution
		Debug|Any CPU = Debug|Any CPU
		Release|Any CPU = Release|Any CPU
	EndGlobalSection
	GlobalSection(ProjectConfigurationPlatforms) = postSolution
		{EE4E8A80-08E3-4C3B-817E-7C5E469A9660}.Debug|Any CPU.ActiveCfg = Debug|Any CPU
		{EE4E8A80-08E3-4C3B-817E-7C5E469A9660}.Debug|Any CPU.Build.0 = Debug|Any CPU
		{EE4E8A80-08E3-4C3B-817E-7C5E469A9660}.Release|Any CPU.ActiveCfg = Release|Any CPU
		{EE4E8A80-08E3-4C3B-817E-7C5E469A9660}.Release|Any CPU.Build.0 = Release|Any CPU
	EndGlobalSection
	GlobalSection(SolutionProperties) = preSolution
		HideSolutionNode = FALSE
	EndGlobalSection
	GlobalSection(ExtensibilityGlobals) = postSolution
		SolutionGuid = {CB69E2CE-5D65-46A6-BAF4-3ADEC3DDE2A7}
	EndGlobalSection
EndGlobal
